
Microsoft Visual Studio Solution File, Format Version 12.00
# Visual Studio 15
VisualStudioVersion = 15.0.27004.2002
MinimumVisualStudioVersion = 10.0.40219.1
Project("{FAE04EC0-301F-11D3-BF4B-00C04F79EFBC}") = "EmployeeInvoiceManagement", "EmployeeInvoiceManagement\EmployeeInvoiceManagement.csproj", "{82B3F76B-FBE1-480F-954C-E219C5688ABE}"
EndProject
Global
	GlobalSection(SolutionConfigurationPlatforms) = preSolution
		Debug|Any CPU = Debug|Any CPU
		Release|Any CPU = Release|Any CPU
	EndGlobalSection
	GlobalSection(ProjectConfigurationPlatforms) = postSolution
		{82B3F76B-FBE1-480F-954C-E219C5688ABE}.Debug|Any CPU.ActiveCfg = Debug|Any CPU
		{82B3F76B-FBE1-480F-954C-E219C5688ABE}.Debug|Any CPU.Build.0 = Debug|Any CPU
		{82B3F76B-FBE1-480F-954C-E219C5688ABE}.Release|Any CPU.ActiveCfg = Release|Any CPU
		{82B3F76B-FBE1-480F-954C-E219C5688ABE}.Release|Any CPU.Build.0 = Release|Any CPU
	EndGlobalSection
	GlobalSection(SolutionProperties) = preSolution
		HideSolutionNode = FALSE
	EndGlobalSection
	GlobalSection(ExtensibilityGlobals) = postSolution
		SolutionGuid = {79C23BF1-0332-4CC6-B3F3-E525676A17A8}
	EndGlobalSection
EndGlobal
